// !$*UTF8*$!
{
	archiveVersion = 1;
	classes = {
	};
	objectVersion = 46;
	objects = {

/* Begin PBXBuildFile section */
		2F45BD0824BF89B80090BB77 /* AppDelegate.swift in Sources */ = {isa = PBXBuildFile; fileRef = 2F45BD0724BF89B80090BB77 /* AppDelegate.swift */; };
		2F45BD0A24BF89B80090BB77 /* ViewController.swift in Sources */ = {isa = PBXBuildFile; fileRef = 2F45BD0924BF89B80090BB77 /* ViewController.swift */; };
		2F45BD0D24BF89B80090BB77 /* Main.storyboard in Resources */ = {isa = PBXBuildFile; fileRef = 2F45BD0B24BF89B80090BB77 /* Main.storyboard */; };
		2F45BD1024BF89B80090BB77 /* iReadBooks.xcdatamodeld in Sources */ = {isa = PBXBuildFile; fileRef = 2F45BD0E24BF89B80090BB77 /* iReadBooks.xcdatamodeld */; };
		2F45BD1224BF89B80090BB77 /* Assets.xcassets in Resources */ = {isa = PBXBuildFile; fileRef = 2F45BD1124BF89B80090BB77 /* Assets.xcassets */; };
		2F45BD1524BF89B80090BB77 /* LaunchScreen.storyboard in Resources */ = {isa = PBXBuildFile; fileRef = 2F45BD1324BF89B80090BB77 /* LaunchScreen.storyboard */; };
		2F45BD1F24BFA7FC0090BB77 /* ReadBooksViewController.swift in Sources */ = {isa = PBXBuildFile; fileRef = 2F45BD1E24BFA7FC0090BB77 /* ReadBooksViewController.swift */; };
/* End PBXBuildFile section */

/* Begin PBXFileReference section */
		2F45BD0424BF89B80090BB77 /* iReadBooks.app */ = {isa = PBXFileReference; explicitFileType = wrapper.application; includeInIndex = 0; path = iReadBooks.app; sourceTree = BUILT_PRODUCTS_DIR; };
		2F45BD0724BF89B80090BB77 /* AppDelegate.swift */ = {isa = PBXFileReference; lastKnownFileType = sourcecode.swift; path = AppDelegate.swift; sourceTree = "<group>"; };
		2F45BD0924BF89B80090BB77 /* ViewController.swift */ = {isa = PBXFileReference; lastKnownFileType = sourcecode.swift; path = ViewController.swift; sourceTree = "<group>"; };
		2F45BD0C24BF89B80090BB77 /* Base */ = {isa = PBXFileReference; lastKnownFileType = file.storyboard; name = Base; path = Base.lproj/Main.storyboard; sourceTree = "<group>"; };
		2F45BD0F24BF89B80090BB77 /* iReadBooks.xcdatamodel */ = {isa = PBXFileReference; lastKnownFileType = wrapper.xcdatamodel; path = iReadBooks.xcdatamodel; sourceTree = "<group>"; };
		2F45BD1124BF89B80090BB77 /* Assets.xcassets */ = {isa = PBXFileReference; lastKnownFileType = folder.assetcatalog; path = Assets.xcassets; sourceTree = "<group>"; };
		2F45BD1424BF89B80090BB77 /* Base */ = {isa = PBXFileReference; lastKnownFileType = file.storyboard; name = Base; path = Base.lproj/LaunchScreen.storyboard; sourceTree = "<group>"; };
		2F45BD1624BF89B80090BB77 /* Info.plist */ = {isa = PBXFileReference; lastKnownFileType = text.plist.xml; path = Info.plist; sourceTree = "<group>"; };
		2F45BD1E24BFA7FC0090BB77 /* ReadBooksViewController.swift */ = {isa = PBXFileReference; fileEncoding = 4; lastKnownFileType = sourcecode.swift; path = ReadBooksViewController.swift; sourceTree = "<group>"; };
/* End PBXFileReference section */

/* Begin PBXFrameworksBuildPhase section */
		2F45BD0124BF89B80090BB77 /* Frameworks */ = {
			isa = PBXFrameworksBuildPhase;
			buildActionMask = 2147483647;
			files = (
			);
			runOnlyForDeploymentPostprocessing = 0;
		};
/* End PBXFrameworksBuildPhase section */

/* Begin PBXGroup section */
		2F45BCFB24BF89B80090BB77 = {
			isa = PBXGroup;
			children = (
				2F45BD0624BF89B80090BB77 /* iReadBooks */,
				2F45BD0524BF89B80090BB77 /* Products */,
			);
			sourceTree = "<group>";
		};
		2F45BD0524BF89B80090BB77 /* Products */ = {
			isa = PBXGroup;
			children = (
				2F45BD0424BF89B80090BB77 /* iReadBooks.app */,
			);
			name = Products;
			sourceTree = "<group>";
		};
		2F45BD0624BF89B80090BB77 /* iReadBooks */ = {
			isa = PBXGroup;
			children = (
				2F45BD0724BF89B80090BB77 /* AppDelegate.swift */,
				2F45BD0924BF89B80090BB77 /* ViewController.swift */,
				2F45BD1E24BFA7FC0090BB77 /* ReadBooksViewController.swift */,
				2F45BD0B24BF89B80090BB77 /* Main.storyboard */,
				2F45BD1124BF89B80090BB77 /* Assets.xcassets */,
				2F45BD1324BF89B80090BB77 /* LaunchScreen.storyboard */,
				2F45BD1624BF89B80090BB77 /* Info.plist */,
				2F45BD0E24BF89B80090BB77 /* iReadBooks.xcdatamodeld */,
			);
			path = iReadBooks;
			sourceTree = "<group>";
		};
/* End PBXGroup section */

/* Begin PBXNativeTarget section */
		2F45BD0324BF89B80090BB77 /* iReadBooks */ = {
			isa = PBXNativeTarget;
			buildConfigurationList = 2F45BD1924BF89B80090BB77 /* Build configuration list for PBXNativeTarget "iReadBooks" */;
			buildPhases = (
				2F45BD0024BF89B80090BB77 /* Sources */,
				2F45BD0124BF89B80090BB77 /* Frameworks */,
				2F45BD0224BF89B80090BB77 /* Resources */,
			);
			buildRules = (
			);
			dependencies = (
			);
			name = iReadBooks;
			productName = iReadBooks;
			productReference = 2F45BD0424BF89B80090BB77 /* iReadBooks.app */;
			productType = "com.apple.product-type.application";
		};
/* End PBXNativeTarget section */

/* Begin PBXProject section */
		2F45BCFC24BF89B80090BB77 /* Project object */ = {
			isa = PBXProject;
			attributes = {
				LastSwiftUpdateCheck = 0800;
				LastUpgradeCheck = 0800;
				ORGANIZATIONNAME = AmVi;
				TargetAttributes = {
					2F45BD0324BF89B80090BB77 = {
						CreatedOnToolsVersion = 8.0;
						ProvisioningStyle = Automatic;
					};
				};
			};
			buildConfigurationList = 2F45BCFF24BF89B80090BB77 /* Build configuration list for PBXProject "iReadBooks" */;
			compatibilityVersion = "Xcode 3.2";
			developmentRegion = English;
			hasScannedForEncodings = 0;
			knownRegions = (
				en,
				Base,
			);
			mainGroup = 2F45BCFB24BF89B80090BB77;
			productRefGroup = 2F45BD0524BF89B80090BB77 /* Products */;
			projectDirPath = "";
			projectRoot = "";
			targets = (
				2F45BD0324BF89B80090BB77 /* iReadBooks */,
			);
		};
/* End PBXProject section */

/* Begin PBXResourcesBuildPhase section */
		2F45BD0224BF89B80090BB77 /* Resources */ = {
			isa = PBXResourcesBuildPhase;
			buildActionMask = 2147483647;
			files = (
				2F45BD1524BF89B80090BB77 /* LaunchScreen.storyboard in Resources */,
				2F45BD1224BF89B80090BB77 /* Assets.xcassets in Resources */,
				2F45BD0D24BF89B80090BB77 /* Main.storyboard in Resources */,
			);
			runOnlyForDeploymentPostprocessing = 0;
		};
/* End PBXResourcesBuildPhase section */

/* Begin PBXSourcesBuildPhase section */
		2F45BD0024BF89B80090BB77 /* Sources */ = {
			isa = PBXSourcesBuildPhase;
			buildActionMask = 2147483647;
			files = (
				2F45BD0A24BF89B80090BB77 /* ViewController.swift in Sources */,
				2F45BD1F24BFA7FC0090BB77 /* ReadBooksViewController.swift in Sources */,
				2F45BD1024BF89B80090BB77 /* iReadBooks.xcdatamodeld in Sources */,
				2F45BD0824BF89B80090BB77 /* AppDelegate.swift in Sources */,
			);
			runOnlyForDeploymentPostprocessing = 0;
		};
/* End PBXSourcesBuildPhase section */

/* Begin PBXVariantGroup section */
		2F45BD0B24BF89B80090BB77 /* Main.storyboard */ = {
			isa = PBXVariantGroup;
			children = (
				2F45BD0C24BF89B80090BB77 /* Base */,
			);
			name = Main.storyboard;
			sourceTree = "<group>";
		};
		2F45BD1324BF89B80090BB77 /* LaunchScreen.storyboard */ = {
			isa = PBXVariantGroup;
			children = (
				2F45BD1424BF89B80090BB77 /* Base */,
			);
			name = LaunchScreen.storyboard;
			sourceTree = "<group>";
		};
/* End PBXVariantGroup section */

/* Begin XCBuildConfiguration section */
		2F45BD1724BF89B80090BB77 /* Debug */ = {
			isa = XCBuildConfiguration;
			buildSettings = {
				ALWAYS_SEARCH_USER_PATHS = NO;
				CLANG_ANALYZER_NONNULL = YES;
				CLANG_CXX_LANGUAGE_STANDARD = "gnu++0x";
				CLANG_CXX_LIBRARY = "libc++";
				CLANG_ENABLE_MODULES = YES;
				CLANG_ENABLE_OBJC_ARC = YES;
				CLANG_WARN_BOOL_CONVERSION = YES;
				CLANG_WARN_CONSTANT_CONVERSION = YES;
				CLANG_WARN_DIRECT_OBJC_ISA_USAGE = YES_ERROR;
				CLANG_WARN_DOCUMENTATION_COMMENTS = YES;
				CLANG_WARN_EMPTY_BODY = YES;
				CLANG_WARN_ENUM_CONVERSION = YES;
				CLANG_WARN_INFINITE_RECURSION = YES;
				CLANG_WARN_INT_CONVERSION = YES;
				CLANG_WARN_OBJC_ROOT_CLASS = YES_ERROR;
				CLANG_WARN_SUSPICIOUS_MOVES = YES;
				CLANG_WARN_UNREACHABLE_CODE = YES;
				CLANG_WARN__DUPLICATE_METHOD_MATCH = YES;
				"CODE_SIGN_IDENTITY[sdk=iphoneos*]" = "iPhone Developer";
				COPY_PHASE_STRIP = NO;
				DEBUG_INFORMATION_FORMAT = dwarf;
				ENABLE_STRICT_OBJC_MSGSEND = YES;
				ENABLE_TESTABILITY = YES;
				GCC_C_LANGUAGE_STANDARD = gnu99;
				GCC_DYNAMIC_NO_PIC = NO;
				GCC_NO_COMMON_BLOCKS = YES;
				GCC_OPTIMIZATION_LEVEL = 0;
				GCC_PREPROCESSOR_DEFINITIONS = (
					"DEBUG=1",
					"$(inherited)",
				);
				GCC_WARN_64_TO_32_BIT_CONVERSION = YES;
				GCC_WARN_ABOUT_RETURN_TYPE = YES_ERROR;
				GCC_WARN_UNDECLARED_SELECTOR = YES;
				GCC_WARN_UNINITIALIZED_AUTOS = YES_AGGRESSIVE;
				GCC_WARN_UNUSED_FUNCTION = YES;
				GCC_WARN_UNUSED_VARIABLE = YES;
				IPHONEOS_DEPLOYMENT_TARGET = 10.0;
				MTL_ENABLE_DEBUG_INFO = YES;
				ONLY_ACTIVE_ARCH = YES;
				SDKROOT = iphoneos;
				SWIFT_ACTIVE_COMPILATION_CONDITIONS = DEBUG;
				SWIFT_OPTIMIZATION_LEVEL = "-Onone";
				TARGETED_DEVICE_FAMILY = "1,2";
			};
			name = Debug;
		};
		2F45BD1824BF89B80090BB77 /* Release */ = {
			isa = XCBuildConfiguration;
			buildSettings = {
				ALWAYS_SEARCH_USER_PATHS = NO;
				CLANG_ANALYZER_NONNULL = YES;
				CLANG_CXX_LANGUAGE_STANDARD = "gnu++0x";
				CLANG_CXX_LIBRARY = "libc++";
				CLANG_ENABLE_MODULES = YES;
				CLANG_ENABLE_OBJC_ARC = YES;
				CLANG_WARN_BOOL_CONVERSION = YES;
				CLANG_WARN_CONSTANT_CONVERSION = YES;
				CLANG_WARN_DIRECT_OBJC_ISA_USAGE = YES_ERROR;
				CLANG_WARN_DOCUMENTATION_COMMENTS = YES;
				CLANG_WARN_EMPTY_BODY = YES;
				CLANG_WARN_ENUM_CONVERSION = YES;
				CLANG_WARN_INFINITE_RECURSION = YES;
				CLANG_WARN_INT_CONVERSION = YES;
				CLANG_WARN_OBJC_ROOT_CLASS = YES_ERROR;
				CLANG_WARN_SUSPICIOUS_MOVES = YES;
				CLANG_WARN_UNREACHABLE_CODE = YES;
				CLANG_WARN__DUPLICATE_METHOD_MATCH = YES;
				"CODE_SIGN_IDENTITY[sdk=iphoneos*]" = "iPhone Developer";
				COPY_PHASE_STRIP = NO;
				DEBUG_INFORMATION_FORMAT = "dwarf-with-dsym";
				ENABLE_NS_ASSERTIONS = NO;
				ENABLE_STRICT_OBJC_MSGSEND = YES;
				GCC_C_LANGUAGE_STANDARD = gnu99;
				GCC_NO_COMMON_BLOCKS = YES;
				GCC_WARN_64_TO_32_BIT_CONVERSION = YES;
				GCC_WARN_ABOUT_RETURN_TYPE = YES_ERROR;
				GCC_WARN_UNDECLARED_SELECTOR = YES;
				GCC_WARN_UNINITIALIZED_AUTOS = YES_AGGRESSIVE;
				GCC_WARN_UNUSED_FUNCTION = YES;
				GCC_WARN_UNUSED_VARIABLE = YES;
				IPHONEOS_DEPLOYMENT_TARGET = 10.0;
				MTL_ENABLE_DEBUG_INFO = NO;
				SDKROOT = iphoneos;
				SWIFT_OPTIMIZATION_LEVEL = "-Owholemodule";
				TARGETED_DEVICE_FAMILY = "1,2";
				VALIDATE_PRODUCT = YES;
			};
			name = Release;
		};
		2F45BD1A24BF89B80090BB77 /* Debug */ = {
			isa = XCBuildConfiguration;
			buildSettings = {
				ASSETCATALOG_COMPILER_APPICON_NAME = AppIcon;
				INFOPLIST_FILE = iReadBooks/Info.plist;
				LD_RUNPATH_SEARCH_PATHS = "$(inherited) @executable_path/Frameworks";
				PRODUCT_BUNDLE_IDENTIFIER = com.Amvi.iReadBooks;
				PRODUCT_NAME = "$(TARGET_NAME)";
				SWIFT_VERSION = 3.0;
			};
			name = Debug;
		};
		2F45BD1B24BF89B80090BB77 /* Release */ = {
			isa = XCBuildConfiguration;
			buildSettings = {
				ASSETCATALOG_COMPILER_APPICON_NAME = AppIcon;
				INFOPLIST_FILE = iReadBooks/Info.plist;
				LD_RUNPATH_SEARCH_PATHS = "$(inherited) @executable_path/Frameworks";
				PRODUCT_BUNDLE_IDENTIFIER = com.Amvi.iReadBooks;
				PRODUCT_NAME = "$(TARGET_NAME)";
				SWIFT_VERSION = 3.0;
			};
			name = Release;
		};
/* End XCBuildConfiguration section */

/* Begin XCConfigurationList section */
		2F45BCFF24BF89B80090BB77 /* Build configuration list for PBXProject "iReadBooks" */ = {
			isa = XCConfigurationList;
			buildConfigurations = (
				2F45BD1724BF89B80090BB77 /* Debug */,
				2F45BD1824BF89B80090BB77 /* Release */,
			);
			defaultConfigurationIsVisible = 0;
			defaultConfigurationName = Release;
		};
		2F45BD1924BF89B80090BB77 /* Build configuration list for PBXNativeTarget "iReadBooks" */ = {
			isa = XCConfigurationList;
			buildConfigurations = (
				2F45BD1A24BF89B80090BB77 /* Debug */,
				2F45BD1B24BF89B80090BB77 /* Release */,
			);
			defaultConfigurationIsVisible = 0;
			defaultConfigurationName = Release;
		};
/* End XCConfigurationList section */

/* Begin XCVersionGroup section */
		2F45BD0E24BF89B80090BB77 /* iReadBooks.xcdatamodeld */ = {
			isa = XCVersionGroup;
			children = (
				2F45BD0F24BF89B80090BB77 /* iReadBooks.xcdatamodel */,
			);
			currentVersion = 2F45BD0F24BF89B80090BB77 /* iReadBooks.xcdatamodel */;
			path = iReadBooks.xcdatamodeld;
			sourceTree = "<group>";
			versionGroupType = wrapper.xcdatamodel;
		};
/* End XCVersionGroup section */
	};
	rootObject = 2F45BCFC24BF89B80090BB77 /* Project object */;
}
